
Microsoft Visual Studio Solution File, Format Version 12.00
# Visual Studio Version 17
VisualStudioVersion = 17.14.36301.6
MinimumVisualStudioVersion = 10.0.40219.1
Project("{2150E333-8FDC-42A3-9474-1A3956D46DE8}") = "Core", "Core", "{02EA681E-C7D8-13C7-8484-4AC65E1B71E8}"
EndProject
Project("{2150E333-8FDC-42A3-9474-1A3956D46DE8}") = "Infrastructure", "Infrastructure", "{F24F51A4-A871-4FA6-9B8E-1C3E5C040EDB}"
EndProject
Project("{2150E333-8FDC-42A3-9474-1A3956D46DE8}") = "Presentation", "Presentation", "{DF62E4B9-CEEE-45F5-9C44-74AC0CE51F22}"
EndProject
Project("{FAE04EC0-301F-11D3-BF4B-00C04F79EFBC}") = "HRMApp.Domain", "HRMApp.Domain\HRMApp.Domain.csproj", "{9BDA6192-A231-4D65-B364-4B5696667ADD}"
EndProject
Project("{FAE04EC0-301F-11D3-BF4B-00C04F79EFBC}") = "HRMApp.Application", "HRMApp.Application\HRMApp.Application.csproj", "{7BE63EC6-143C-4BB4-B169-19272B109C25}"
EndProject
Project("{FAE04EC0-301F-11D3-BF4B-00C04F79EFBC}") = "HRMApp.Infrastructure", "HRMApp.Infrastructure\HRMApp.Infrastructure.csproj", "{F2BC5014-5982-4600-BFB2-F72E9DAF0FFD}"
EndProject
Project("{FAE04EC0-301F-11D3-BF4B-00C04F79EFBC}") = "HRMApp.Persistence", "HRMApp.Persistence\HRMApp.Persistence.csproj", "{FCA418DB-BE37-4421-8B88-A0EBAE7FC5BE}"
EndProject
Project("{FAE04EC0-301F-11D3-BF4B-00C04F79EFBC}") = "HRMApp.API", "HRMApp.API\HRMApp.API.csproj", "{348E9684-5A4D-4408-9AB5-C92294F50CDB}"
EndProject
Global
	GlobalSection(SolutionConfigurationPlatforms) = preSolution
		Debug|Any CPU = Debug|Any CPU
		Release|Any CPU = Release|Any CPU
	EndGlobalSection
	GlobalSection(ProjectConfigurationPlatforms) = postSolution
		{9BDA6192-A231-4D65-B364-4B5696667ADD}.Debug|Any CPU.ActiveCfg = Debug|Any CPU
		{9BDA6192-A231-4D65-B364-4B5696667ADD}.Debug|Any CPU.Build.0 = Debug|Any CPU
		{9BDA6192-A231-4D65-B364-4B5696667ADD}.Release|Any CPU.ActiveCfg = Release|Any CPU
		{9BDA6192-A231-4D65-B364-4B5696667ADD}.Release|Any CPU.Build.0 = Release|Any CPU
		{7BE63EC6-143C-4BB4-B169-19272B109C25}.Debug|Any CPU.ActiveCfg = Debug|Any CPU
		{7BE63EC6-143C-4BB4-B169-19272B109C25}.Debug|Any CPU.Build.0 = Debug|Any CPU
		{7BE63EC6-143C-4BB4-B169-19272B109C25}.Release|Any CPU.ActiveCfg = Release|Any CPU
		{7BE63EC6-143C-4BB4-B169-19272B109C25}.Release|Any CPU.Build.0 = Release|Any CPU
		{F2BC5014-5982-4600-BFB2-F72E9DAF0FFD}.Debug|Any CPU.ActiveCfg = Debug|Any CPU
		{F2BC5014-5982-4600-BFB2-F72E9DAF0FFD}.Debug|Any CPU.Build.0 = Debug|Any CPU
		{F2BC5014-5982-4600-BFB2-F72E9DAF0FFD}.Release|Any CPU.ActiveCfg = Release|Any CPU
		{F2BC5014-5982-4600-BFB2-F72E9DAF0FFD}.Release|Any CPU.Build.0 = Release|Any CPU
		{FCA418DB-BE37-4421-8B88-A0EBAE7FC5BE}.Debug|Any CPU.ActiveCfg = Debug|Any CPU
		{FCA418DB-BE37-4421-8B88-A0EBAE7FC5BE}.Debug|Any CPU.Build.0 = Debug|Any CPU
		{FCA418DB-BE37-4421-8B88-A0EBAE7FC5BE}.Release|Any CPU.ActiveCfg = Release|Any CPU
		{FCA418DB-BE37-4421-8B88-A0EBAE7FC5BE}.Release|Any CPU.Build.0 = Release|Any CPU
		{348E9684-5A4D-4408-9AB5-C92294F50CDB}.Debug|Any CPU.ActiveCfg = Debug|Any CPU
		{348E9684-5A4D-4408-9AB5-C92294F50CDB}.Debug|Any CPU.Build.0 = Debug|Any CPU
		{348E9684-5A4D-4408-9AB5-C92294F50CDB}.Release|Any CPU.ActiveCfg = Release|Any CPU
		{348E9684-5A4D-4408-9AB5-C92294F50CDB}.Release|Any CPU.Build.0 = Release|Any CPU
	EndGlobalSection
	GlobalSection(SolutionProperties) = preSolution
		HideSolutionNode = FALSE
	EndGlobalSection
	GlobalSection(NestedProjects) = preSolution
		{9BDA6192-A231-4D65-B364-4B5696667ADD} = {02EA681E-C7D8-13C7-8484-4AC65E1B71E8}
		{7BE63EC6-143C-4BB4-B169-19272B109C25} = {02EA681E-C7D8-13C7-8484-4AC65E1B71E8}
		{F2BC5014-5982-4600-BFB2-F72E9DAF0FFD} = {F24F51A4-A871-4FA6-9B8E-1C3E5C040EDB}
		{FCA418DB-BE37-4421-8B88-A0EBAE7FC5BE} = {F24F51A4-A871-4FA6-9B8E-1C3E5C040EDB}
		{348E9684-5A4D-4408-9AB5-C92294F50CDB} = {DF62E4B9-CEEE-45F5-9C44-74AC0CE51F22}
	EndGlobalSection
	GlobalSection(ExtensibilityGlobals) = postSolution
		SolutionGuid = {060CD359-4CAC-405C-9AFE-A856A106CFB6}
	EndGlobalSection
EndGlobal
